
Microsoft Visual Studio Solution File, Format Version 12.00
# Visual Studio Version 16
VisualStudioVersion = 16.0.29728.190
MinimumVisualStudioVersion = 10.0.40219.1
Project("{FAE04EC0-301F-11D3-BF4B-00C04F79EFBC}") = "WpfApp2", "WpfApp2\WpfApp2.csproj", "{55122AE3-CA02-4558-96EA-F9231838F5A5}"
EndProject
Global
	GlobalSection(SolutionConfigurationPlatforms) = preSolution
		Debug|Any CPU = Debug|Any CPU
		Release|Any CPU = Release|Any CPU
	EndGlobalSection
	GlobalSection(ProjectConfigurationPlatforms) = postSolution
		{55122AE3-CA02-4558-96EA-F9231838F5A5}.Debug|Any CPU.ActiveCfg = Debug|Any CPU
		{55122AE3-CA02-4558-96EA-F9231838F5A5}.Debug|Any CPU.Build.0 = Debug|Any CPU
		{55122AE3-CA02-4558-96EA-F9231838F5A5}.Release|Any CPU.ActiveCfg = Release|Any CPU
		{55122AE3-CA02-4558-96EA-F9231838F5A5}.Release|Any CPU.Build.0 = Release|Any CPU
	EndGlobalSection
	GlobalSection(SolutionProperties) = preSolution
		HideSolutionNode = FALSE
	EndGlobalSection
	GlobalSection(ExtensibilityGlobals) = postSolution
		SolutionGuid = {F7C63985-6131-4C45-8AF2-EB2CFEF85115}
	EndGlobalSection
EndGlobal
