
Microsoft Visual Studio Solution File, Format Version 12.00
Project("{FAE04EC0-301F-11D3-BF4B-00C04F79EFBC}") = "SecondLAbPart2", "SecondLAbPart2\SecondLAbPart2.csproj", "{4E676BC9-CF47-4546-A986-21C7CDCAF16E}"
EndProject
Global
	GlobalSection(SolutionConfigurationPlatforms) = preSolution
		Debug|Any CPU = Debug|Any CPU
		Release|Any CPU = Release|Any CPU
	EndGlobalSection
	GlobalSection(ProjectConfigurationPlatforms) = postSolution
		{4E676BC9-CF47-4546-A986-21C7CDCAF16E}.Debug|Any CPU.ActiveCfg = Debug|Any CPU
		{4E676BC9-CF47-4546-A986-21C7CDCAF16E}.Debug|Any CPU.Build.0 = Debug|Any CPU
		{4E676BC9-CF47-4546-A986-21C7CDCAF16E}.Release|Any CPU.ActiveCfg = Release|Any CPU
		{4E676BC9-CF47-4546-A986-21C7CDCAF16E}.Release|Any CPU.Build.0 = Release|Any CPU
	EndGlobalSection
EndGlobal
